
Microsoft Visual Studio Solution File, Format Version 12.00
# Visual Studio Version 17
VisualStudioVersion = 17.4.33110.190
MinimumVisualStudioVersion = 10.0.40219.1
Project("{FAE04EC0-301F-11D3-BF4B-00C04F79EFBC}") = "State", "State\State.csproj", "{EC310202-713D-4180-8C19-2CE5400A7E9A}"
EndProject
Global
	GlobalSection(SolutionConfigurationPlatforms) = preSolution
		Debug|Any CPU = Debug|Any CPU
		Release|Any CPU = Release|Any CPU
	EndGlobalSection
	GlobalSection(ProjectConfigurationPlatforms) = postSolution
		{EC310202-713D-4180-8C19-2CE5400A7E9A}.Debug|Any CPU.ActiveCfg = Debug|Any CPU
		{EC310202-713D-4180-8C19-2CE5400A7E9A}.Debug|Any CPU.Build.0 = Debug|Any CPU
		{EC310202-713D-4180-8C19-2CE5400A7E9A}.Release|Any CPU.ActiveCfg = Release|Any CPU
		{EC310202-713D-4180-8C19-2CE5400A7E9A}.Release|Any CPU.Build.0 = Release|Any CPU
	EndGlobalSection
	GlobalSection(SolutionProperties) = preSolution
		HideSolutionNode = FALSE
	EndGlobalSection
	GlobalSection(ExtensibilityGlobals) = postSolution
		SolutionGuid = {09056C26-F7DA-45FD-8049-480A75E0B5D5}
	EndGlobalSection
EndGlobal
